
Microsoft Visual Studio Solution File, Format Version 12.00
# Visual Studio 15
VisualStudioVersion = 15.0.28010.2019
MinimumVisualStudioVersion = 10.0.40219.1
Project("{FAE04EC0-301F-11D3-BF4B-00C04F79EFBC}") = "JWTExample", "JWTExample\JWTExample.csproj", "{84824FB6-D8BE-4D21-82F7-48B7713A47E2}"
EndProject
Global
	GlobalSection(SolutionConfigurationPlatforms) = preSolution
		Debug|Any CPU = Debug|Any CPU
		Release|Any CPU = Release|Any CPU
	EndGlobalSection
	GlobalSection(ProjectConfigurationPlatforms) = postSolution
		{84824FB6-D8BE-4D21-82F7-48B7713A47E2}.Debug|Any CPU.ActiveCfg = Debug|Any CPU
		{84824FB6-D8BE-4D21-82F7-48B7713A47E2}.Debug|Any CPU.Build.0 = Debug|Any CPU
		{84824FB6-D8BE-4D21-82F7-48B7713A47E2}.Release|Any CPU.ActiveCfg = Release|Any CPU
		{84824FB6-D8BE-4D21-82F7-48B7713A47E2}.Release|Any CPU.Build.0 = Release|Any CPU
	EndGlobalSection
	GlobalSection(SolutionProperties) = preSolution
		HideSolutionNode = FALSE
	EndGlobalSection
	GlobalSection(ExtensibilityGlobals) = postSolution
		SolutionGuid = {8EDA92BE-8BA3-4C0C-AAA4-3544712B7C75}
	EndGlobalSection
EndGlobal
